# THIS IS AN AUTOGENERATED FILE. DO NOT EDIT THIS FILE DIRECTLY.
# yarn lockfile v1


"@beatbax/engine@file:C:\\Users\\kadraman\\repos\\beatbax\\packages\\engine":
  version "0.2.0"
  resolved "file:packages/engine"

"@types/node@^22.7.4":
  version "22.19.2"
  dependencies:
    undici-types "~6.21.0"

undici-types@~6.21.0:
  version "6.21.0"
